
Microsoft Visual Studio Solution File, Format Version 12.00
# Visual Studio Version 17
VisualStudioVersion = 17.1.32210.238
MinimumVisualStudioVersion = 10.0.40219.1
Project("{9A19103F-16F7-4668-BE54-9A1E7A4F7556}") = "CidadeAlta.Domain", "CidadeAlta.Domain\CidadeAlta.Domain.csproj", "{BE246884-A6C9-41ED-B605-C2E0A050E81D}"
EndProject
Project("{FAE04EC0-301F-11D3-BF4B-00C04F79EFBC}") = "CidadeAlta.Data", "CidadeAlta.Data\CidadeAlta.Data.csproj", "{B47BE0CF-7760-4933-98B2-06CE3E0C63EC}"
EndProject
Project("{FAE04EC0-301F-11D3-BF4B-00C04F79EFBC}") = "CidadeAlta.Api", "CidadeAlta.Api\CidadeAlta.Api.csproj", "{679D1055-D920-4746-80AB-F4F1A0668DE5}"
EndProject
Project("{FAE04EC0-301F-11D3-BF4B-00C04F79EFBC}") = "CidadeAlta.Security", "CidadeAlta.Security\CidadeAlta.Security.csproj", "{17BEA7EC-67D3-4C74-AED6-912A9534A035}"
EndProject
Global
	GlobalSection(SolutionConfigurationPlatforms) = preSolution
		Debug|Any CPU = Debug|Any CPU
		Release|Any CPU = Release|Any CPU
	EndGlobalSection
	GlobalSection(ProjectConfigurationPlatforms) = postSolution
		{BE246884-A6C9-41ED-B605-C2E0A050E81D}.Debug|Any CPU.ActiveCfg = Debug|Any CPU
		{BE246884-A6C9-41ED-B605-C2E0A050E81D}.Debug|Any CPU.Build.0 = Debug|Any CPU
		{BE246884-A6C9-41ED-B605-C2E0A050E81D}.Release|Any CPU.ActiveCfg = Release|Any CPU
		{BE246884-A6C9-41ED-B605-C2E0A050E81D}.Release|Any CPU.Build.0 = Release|Any CPU
		{B47BE0CF-7760-4933-98B2-06CE3E0C63EC}.Debug|Any CPU.ActiveCfg = Debug|Any CPU
		{B47BE0CF-7760-4933-98B2-06CE3E0C63EC}.Debug|Any CPU.Build.0 = Debug|Any CPU
		{B47BE0CF-7760-4933-98B2-06CE3E0C63EC}.Release|Any CPU.ActiveCfg = Release|Any CPU
		{B47BE0CF-7760-4933-98B2-06CE3E0C63EC}.Release|Any CPU.Build.0 = Release|Any CPU
		{679D1055-D920-4746-80AB-F4F1A0668DE5}.Debug|Any CPU.ActiveCfg = Debug|Any CPU
		{679D1055-D920-4746-80AB-F4F1A0668DE5}.Debug|Any CPU.Build.0 = Debug|Any CPU
		{679D1055-D920-4746-80AB-F4F1A0668DE5}.Release|Any CPU.ActiveCfg = Release|Any CPU
		{679D1055-D920-4746-80AB-F4F1A0668DE5}.Release|Any CPU.Build.0 = Release|Any CPU
		{17BEA7EC-67D3-4C74-AED6-912A9534A035}.Debug|Any CPU.ActiveCfg = Debug|Any CPU
		{17BEA7EC-67D3-4C74-AED6-912A9534A035}.Debug|Any CPU.Build.0 = Debug|Any CPU
		{17BEA7EC-67D3-4C74-AED6-912A9534A035}.Release|Any CPU.ActiveCfg = Release|Any CPU
		{17BEA7EC-67D3-4C74-AED6-912A9534A035}.Release|Any CPU.Build.0 = Release|Any CPU
	EndGlobalSection
	GlobalSection(SolutionProperties) = preSolution
		HideSolutionNode = FALSE
	EndGlobalSection
	GlobalSection(ExtensibilityGlobals) = postSolution
		SolutionGuid = {B606658F-E52D-446A-9AED-8D0D8216E35E}
	EndGlobalSection
EndGlobal
